
Microsoft Visual Studio Solution File, Format Version 12.00
# Visual Studio Version 17
VisualStudioVersion = 17.10.35004.147
MinimumVisualStudioVersion = 10.0.40219.1
Project("{FAE04EC0-301F-11D3-BF4B-00C04F79EFBC}") = "Capstone", "Capstone.csproj", "{1304CC76-0E48-4D3E-A5A8-1C2BEA6C51D5}"
EndProject
Global
	GlobalSection(SolutionConfigurationPlatforms) = preSolution
		Debug|Any CPU = Debug|Any CPU
		Release|Any CPU = Release|Any CPU
	EndGlobalSection
	GlobalSection(ProjectConfigurationPlatforms) = postSolution
		{1304CC76-0E48-4D3E-A5A8-1C2BEA6C51D5}.Debug|Any CPU.ActiveCfg = Debug|Any CPU
		{1304CC76-0E48-4D3E-A5A8-1C2BEA6C51D5}.Debug|Any CPU.Build.0 = Debug|Any CPU
		{1304CC76-0E48-4D3E-A5A8-1C2BEA6C51D5}.Release|Any CPU.ActiveCfg = Release|Any CPU
		{1304CC76-0E48-4D3E-A5A8-1C2BEA6C51D5}.Release|Any CPU.Build.0 = Release|Any CPU
	EndGlobalSection
	GlobalSection(SolutionProperties) = preSolution
		HideSolutionNode = FALSE
	EndGlobalSection
	GlobalSection(ExtensibilityGlobals) = postSolution
		SolutionGuid = {35569073-64DE-4591-B4FE-53D426E52B4F}
	EndGlobalSection
EndGlobal
